
Microsoft Visual Studio Solution File, Format Version 12.00
# Visual Studio Express 15 for Windows Desktop
VisualStudioVersion = 15.0.34829.251
MinimumVisualStudioVersion = 10.0.40219.1
Project("{FAE04EC0-301F-11D3-BF4B-00C04F79EFBC}") = "ExComposicao", "ExComposicao\ExComposicao.csproj", "{7D7A7056-88E6-4B54-B259-CC8EAC09BA36}"
EndProject
Global
	GlobalSection(SolutionConfigurationPlatforms) = preSolution
		Debug|Any CPU = Debug|Any CPU
		Release|Any CPU = Release|Any CPU
	EndGlobalSection
	GlobalSection(ProjectConfigurationPlatforms) = postSolution
		{7D7A7056-88E6-4B54-B259-CC8EAC09BA36}.Debug|Any CPU.ActiveCfg = Debug|Any CPU
		{7D7A7056-88E6-4B54-B259-CC8EAC09BA36}.Debug|Any CPU.Build.0 = Debug|Any CPU
		{7D7A7056-88E6-4B54-B259-CC8EAC09BA36}.Release|Any CPU.ActiveCfg = Release|Any CPU
		{7D7A7056-88E6-4B54-B259-CC8EAC09BA36}.Release|Any CPU.Build.0 = Release|Any CPU
	EndGlobalSection
	GlobalSection(SolutionProperties) = preSolution
		HideSolutionNode = FALSE
	EndGlobalSection
	GlobalSection(ExtensibilityGlobals) = postSolution
		SolutionGuid = {1B8856E9-AB69-45FA-A2F3-96FE7BFD882F}
	EndGlobalSection
EndGlobal
